
Microsoft Visual Studio Solution File, Format Version 12.00
# Visual Studio Version 17
VisualStudioVersion = 17.9.34723.18
MinimumVisualStudioVersion = 10.0.40219.1
Project("{FAE04EC0-301F-11D3-BF4B-00C04F79EFBC}") = "Attestation Exceptions", "Attestation Exceptions\Attestation Exceptions.csproj", "{5A3F7A06-F3DE-445C-91CD-DBE4408265CB}"
EndProject
Global
	GlobalSection(SolutionConfigurationPlatforms) = preSolution
		Debug|Any CPU = Debug|Any CPU
		Debug|x64 = Debug|x64
		Release|Any CPU = Release|Any CPU
		Release|x64 = Release|x64
	EndGlobalSection
	GlobalSection(ProjectConfigurationPlatforms) = postSolution
		{5A3F7A06-F3DE-445C-91CD-DBE4408265CB}.Debug|Any CPU.ActiveCfg = Debug|Any CPU
		{5A3F7A06-F3DE-445C-91CD-DBE4408265CB}.Debug|Any CPU.Build.0 = Debug|Any CPU
		{5A3F7A06-F3DE-445C-91CD-DBE4408265CB}.Debug|x64.ActiveCfg = Debug|x64
		{5A3F7A06-F3DE-445C-91CD-DBE4408265CB}.Debug|x64.Build.0 = Debug|x64
		{5A3F7A06-F3DE-445C-91CD-DBE4408265CB}.Release|Any CPU.ActiveCfg = Release|Any CPU
		{5A3F7A06-F3DE-445C-91CD-DBE4408265CB}.Release|Any CPU.Build.0 = Release|Any CPU
		{5A3F7A06-F3DE-445C-91CD-DBE4408265CB}.Release|x64.ActiveCfg = Release|x64
		{5A3F7A06-F3DE-445C-91CD-DBE4408265CB}.Release|x64.Build.0 = Release|x64
	EndGlobalSection
	GlobalSection(SolutionProperties) = preSolution
		HideSolutionNode = FALSE
	EndGlobalSection
	GlobalSection(ExtensibilityGlobals) = postSolution
		SolutionGuid = {78AA47B9-1BB6-4E36-B8DD-1B6ADCBB24F9}
	EndGlobalSection
EndGlobal
